// !$*UTF8*$!
{
	archiveVersion = 1;
	classes = {
	};
	objectVersion = 46;
	objects = {

/* Begin PBXBuildFile section */
		8C9C69FE1D6B40B9005A0E29 /* main.m in Sources */ = {isa = PBXBuildFile; fileRef = 8C9C69FD1D6B40B9005A0E29 /* main.m */; };
		8C9C6A011D6B40B9005A0E29 /* AppDelegate.m in Sources */ = {isa = PBXBuildFile; fileRef = 8C9C6A001D6B40B9005A0E29 /* AppDelegate.m */; };
		8C9C6A041D6B40B9005A0E29 /* ViewController.m in Sources */ = {isa = PBXBuildFile; fileRef = 8C9C6A031D6B40B9005A0E29 /* ViewController.m */; };
		8C9C6A071D6B40B9005A0E29 /* Main.storyboard in Resources */ = {isa = PBXBuildFile; fileRef = 8C9C6A051D6B40B9005A0E29 /* Main.storyboard */; };
		8C9C6A091D6B40B9005A0E29 /* Assets.xcassets in Resources */ = {isa = PBXBuildFile; fileRef = 8C9C6A081D6B40B9005A0E29 /* Assets.xcassets */; };
		8C9C6A0C1D6B40B9005A0E29 /* LaunchScreen.storyboard in Resources */ = {isa = PBXBuildFile; fileRef = 8C9C6A0A1D6B40B9005A0E29 /* LaunchScreen.storyboard */; };
		8C9C6A151D6B40B9005A0E29 /* Person.m in Sources */ = {isa = PBXBuildFile; fileRef = 8C9C6A141D6B40B9005A0E29 /* Person.m */; };
		8C9C6A181D6B40B9005A0E29 /* PersonTableViewCell.m in Sources */ = {isa = PBXBuildFile; fileRef = 8C9C6A171D6B40B9005A0E29 /* PersonTableViewCell.m */; };
		8C9C6A1B1D6B40B9005A0E29 /* PersonViewModel.m in Sources */ = {isa = PBXBuildFile; fileRef = 8C9C6A1A1D6B40B9005A0E29 /* PersonViewModel.m */; };
		8C9C6A221D6B40B9005A0E29 /* EditPersonViewController.m in Sources */ = {isa = PBXBuildFile; fileRef = 8C9C6A211D6B40B9005A0E29 /* EditPersonViewController.m */; };
		AC3793065912312353ECF0FB /* Pods_RAC____.framework in Frameworks */ = {isa = PBXBuildFile; fileRef = CBD190F823D3424F9E8A89B3 /* Pods_RAC____.framework */; };
/* End PBXBuildFile section */

/* Begin PBXFileReference section */
		6AAA12124A5DEBDE02AE724D /* Pods-RAC基本使用.release.xcconfig */ = {isa = PBXFileReference; includeInIndex = 1; lastKnownFileType = text.xcconfig; name = "Pods-RAC基本使用.release.xcconfig"; path = "Pods/Target Support Files/Pods-RAC基本使用/Pods-RAC基本使用.release.xcconfig"; sourceTree = "<group>"; };
		8C9C69F91D6B40B9005A0E29 /* RAC基本使用.app */ = {isa = PBXFileReference; explicitFileType = wrapper.application; includeInIndex = 0; path = "RAC基本使用.app"; sourceTree = BUILT_PRODUCTS_DIR; };
		8C9C69FD1D6B40B9005A0E29 /* main.m */ = {isa = PBXFileReference; lastKnownFileType = sourcecode.c.objc; path = main.m; sourceTree = "<group>"; };
		8C9C69FF1D6B40B9005A0E29 /* AppDelegate.h */ = {isa = PBXFileReference; lastKnownFileType = sourcecode.c.h; path = AppDelegate.h; sourceTree = "<group>"; };
		8C9C6A001D6B40B9005A0E29 /* AppDelegate.m */ = {isa = PBXFileReference; lastKnownFileType = sourcecode.c.objc; path = AppDelegate.m; sourceTree = "<group>"; };
		8C9C6A021D6B40B9005A0E29 /* ViewController.h */ = {isa = PBXFileReference; lastKnownFileType = sourcecode.c.h; path = ViewController.h; sourceTree = "<group>"; };
		8C9C6A031D6B40B9005A0E29 /* ViewController.m */ = {isa = PBXFileReference; lastKnownFileType = sourcecode.c.objc; path = ViewController.m; sourceTree = "<group>"; };
		8C9C6A061D6B40B9005A0E29 /* Base */ = {isa = PBXFileReference; lastKnownFileType = file.storyboard; name = Base; path = Base.lproj/Main.storyboard; sourceTree = "<group>"; };
		8C9C6A081D6B40B9005A0E29 /* Assets.xcassets */ = {isa = PBXFileReference; lastKnownFileType = folder.assetcatalog; path = Assets.xcassets; sourceTree = "<group>"; };
		8C9C6A0B1D6B40B9005A0E29 /* Base */ = {isa = PBXFileReference; lastKnownFileType = file.storyboard; name = Base; path = Base.lproj/LaunchScreen.storyboard; sourceTree = "<group>"; };
		8C9C6A0D1D6B40B9005A0E29 /* Info.plist */ = {isa = PBXFileReference; lastKnownFileType = text.plist.xml; path = Info.plist; sourceTree = "<group>"; };
		8C9C6A131D6B40B9005A0E29 /* Person.h */ = {isa = PBXFileReference; fileEncoding = 4; lastKnownFileType = sourcecode.c.h; path = Person.h; sourceTree = "<group>"; };
		8C9C6A141D6B40B9005A0E29 /* Person.m */ = {isa = PBXFileReference; fileEncoding = 4; lastKnownFileType = sourcecode.c.objc; path = Person.m; sourceTree = "<group>"; };
		8C9C6A161D6B40B9005A0E29 /* PersonTableViewCell.h */ = {isa = PBXFileReference; fileEncoding = 4; lastKnownFileType = sourcecode.c.h; path = PersonTableViewCell.h; sourceTree = "<group>"; };
		8C9C6A171D6B40B9005A0E29 /* PersonTableViewCell.m */ = {isa = PBXFileReference; fileEncoding = 4; lastKnownFileType = sourcecode.c.objc; path = PersonTableViewCell.m; sourceTree = "<group>"; };
		8C9C6A191D6B40B9005A0E29 /* PersonViewModel.h */ = {isa = PBXFileReference; fileEncoding = 4; lastKnownFileType = sourcecode.c.h; path = PersonViewModel.h; sourceTree = "<group>"; };
		8C9C6A1A1D6B40B9005A0E29 /* PersonViewModel.m */ = {isa = PBXFileReference; fileEncoding = 4; lastKnownFileType = sourcecode.c.objc; path = PersonViewModel.m; sourceTree = "<group>"; };
		8C9C6A201D6B40B9005A0E29 /* EditPersonViewController.h */ = {isa = PBXFileReference; fileEncoding = 4; lastKnownFileType = sourcecode.c.h; path = EditPersonViewController.h; sourceTree = "<group>"; };
		8C9C6A211D6B40B9005A0E29 /* EditPersonViewController.m */ = {isa = PBXFileReference; fileEncoding = 4; lastKnownFileType = sourcecode.c.objc; path = EditPersonViewController.m; sourceTree = "<group>"; };
		CBD190F823D3424F9E8A89B3 /* Pods_RAC____.framework */ = {isa = PBXFileReference; explicitFileType = wrapper.framework; includeInIndex = 0; path = "Pods_RAC____.framework"; sourceTree = BUILT_PRODUCTS_DIR; };
		D5899044AE3BE072C9DCA60C /* Pods-RAC基本使用.debug.xcconfig */ = {isa = PBXFileReference; includeInIndex = 1; lastKnownFileType = text.xcconfig; name = "Pods-RAC基本使用.debug.xcconfig"; path = "Pods/Target Support Files/Pods-RAC基本使用/Pods-RAC基本使用.debug.xcconfig"; sourceTree = "<group>"; };
/* End PBXFileReference section */

/* Begin PBXFrameworksBuildPhase section */
		8C9C69F61D6B40B9005A0E29 /* Frameworks */ = {
			isa = PBXFrameworksBuildPhase;
			buildActionMask = 2147483647;
			files = (
				AC3793065912312353ECF0FB /* Pods_RAC____.framework in Frameworks */,
			);
			runOnlyForDeploymentPostprocessing = 0;
		};
/* End PBXFrameworksBuildPhase section */

/* Begin PBXGroup section */
		8C9C69F01D6B40B9005A0E29 = {
			isa = PBXGroup;
			children = (
				8C9C69FB1D6B40B9005A0E29 /* RAC基本使用 */,
				8C9C69FA1D6B40B9005A0E29 /* Products */,
				C2AD2C350AF3DBD816C35F86 /* Pods */,
				A722877A9E7512A7A5EC2D6D /* Frameworks */,
			);
			sourceTree = "<group>";
		};
		8C9C69FA1D6B40B9005A0E29 /* Products */ = {
			isa = PBXGroup;
			children = (
				8C9C69F91D6B40B9005A0E29 /* RAC基本使用.app */,
			);
			name = Products;
			sourceTree = "<group>";
		};
		8C9C69FB1D6B40B9005A0E29 /* RAC基本使用 */ = {
			isa = PBXGroup;
			children = (
				8C9C6A1E1D6B40B9005A0E29 /* ViewModel */,
				8C9C6A1D1D6B40B9005A0E29 /* View */,
				8C9C6A1C1D6B40B9005A0E29 /* Model */,
				8C9C6A1F1D6B40B9005A0E29 /* Other */,
				8C9C69FC1D6B40B9005A0E29 /* Supporting Files */,
			);
			path = "RAC基本使用";
			sourceTree = "<group>";
		};
		8C9C69FC1D6B40B9005A0E29 /* Supporting Files */ = {
			isa = PBXGroup;
			children = (
				8C9C6A081D6B40B9005A0E29 /* Assets.xcassets */,
				8C9C6A0A1D6B40B9005A0E29 /* LaunchScreen.storyboard */,
				8C9C6A0D1D6B40B9005A0E29 /* Info.plist */,
			);
			name = "Supporting Files";
			sourceTree = "<group>";
		};
		8C9C6A1C1D6B40B9005A0E29 /* Model */ = {
			isa = PBXGroup;
			children = (
				8C9C6A131D6B40B9005A0E29 /* Person.h */,
				8C9C6A141D6B40B9005A0E29 /* Person.m */,
			);
			name = Model;
			sourceTree = "<group>";
		};
		8C9C6A1D1D6B40B9005A0E29 /* View */ = {
			isa = PBXGroup;
			children = (
				8C9C6A161D6B40B9005A0E29 /* PersonTableViewCell.h */,
				8C9C6A171D6B40B9005A0E29 /* PersonTableViewCell.m */,
				8C9C6A021D6B40B9005A0E29 /* ViewController.h */,
				8C9C6A031D6B40B9005A0E29 /* ViewController.m */,
				8C9C6A201D6B40B9005A0E29 /* EditPersonViewController.h */,
				8C9C6A211D6B40B9005A0E29 /* EditPersonViewController.m */,
			);
			name = View;
			sourceTree = "<group>";
		};
		8C9C6A1E1D6B40B9005A0E29 /* ViewModel */ = {
			isa = PBXGroup;
			children = (
				8C9C6A191D6B40B9005A0E29 /* PersonViewModel.h */,
				8C9C6A1A1D6B40B9005A0E29 /* PersonViewModel.m */,
			);
			name = ViewModel;
			sourceTree = "<group>";
		};
		8C9C6A1F1D6B40B9005A0E29 /* Other */ = {
			isa = PBXGroup;
			children = (
				8C9C69FD1D6B40B9005A0E29 /* main.m */,
				8C9C69FF1D6B40B9005A0E29 /* AppDelegate.h */,
				8C9C6A001D6B40B9005A0E29 /* AppDelegate.m */,
				8C9C6A051D6B40B9005A0E29 /* Main.storyboard */,
			);
			name = Other;
			sourceTree = "<group>";
		};
		A722877A9E7512A7A5EC2D6D /* Frameworks */ = {
			isa = PBXGroup;
			children = (
				CBD190F823D3424F9E8A89B3 /* Pods_RAC____.framework */,
			);
			name = Frameworks;
			sourceTree = "<group>";
		};
		C2AD2C350AF3DBD816C35F86 /* Pods */ = {
			isa = PBXGroup;
			children = (
				D5899044AE3BE072C9DCA60C /* Pods-RAC基本使用.debug.xcconfig */,
				6AAA12124A5DEBDE02AE724D /* Pods-RAC基本使用.release.xcconfig */,
			);
			name = Pods;
			sourceTree = "<group>";
		};
/* End PBXGroup section */

/* Begin PBXNativeTarget section */
		8C9C69F81D6B40B9005A0E29 /* RAC基本使用 */ = {
			isa = PBXNativeTarget;
			buildConfigurationList = 8C9C6A101D6B40B9005A0E29 /* Build configuration list for PBXNativeTarget "RAC基本使用" */;
			buildPhases = (
				FBEC0B2AE498A38466E38258 /* [CP] Check Pods Manifest.lock */,
				8C9C69F51D6B40B9005A0E29 /* Sources */,
				8C9C69F61D6B40B9005A0E29 /* Frameworks */,
				8C9C69F71D6B40B9005A0E29 /* Resources */,
				066A44C9EBE688E539747E75 /* [CP] Embed Pods Frameworks */,
				94D462D0A5979D4BFC967B03 /* [CP] Copy Pods Resources */,
			);
			buildRules = (
			);
			dependencies = (
			);
			name = "RAC基本使用";
			productName = "RAC基本使用";
			productReference = 8C9C69F91D6B40B9005A0E29 /* RAC基本使用.app */;
			productType = "com.apple.product-type.application";
		};
/* End PBXNativeTarget section */

/* Begin PBXProject section */
		8C9C69F11D6B40B9005A0E29 /* Project object */ = {
			isa = PBXProject;
			attributes = {
				LastUpgradeCheck = 0730;
				ORGANIZATIONNAME = chenHongRong;
				TargetAttributes = {
					8C9C69F81D6B40B9005A0E29 = {
						CreatedOnToolsVersion = 7.3.1;
						DevelopmentTeam = 7P9UDR7C39;
					};
				};
			};
			buildConfigurationList = 8C9C69F41D6B40B9005A0E29 /* Build configuration list for PBXProject "RAC基本使用" */;
			compatibilityVersion = "Xcode 3.2";
			developmentRegion = English;
			hasScannedForEncodings = 0;
			knownRegions = (
				en,
				Base,
			);
			mainGroup = 8C9C69F01D6B40B9005A0E29;
			productRefGroup = 8C9C69FA1D6B40B9005A0E29 /* Products */;
			projectDirPath = "";
			projectRoot = "";
			targets = (
				8C9C69F81D6B40B9005A0E29 /* RAC基本使用 */,
			);
		};
/* End PBXProject section */

/* Begin PBXResourcesBuildPhase section */
		8C9C69F71D6B40B9005A0E29 /* Resources */ = {
			isa = PBXResourcesBuildPhase;
			buildActionMask = 2147483647;
			files = (
				8C9C6A0C1D6B40B9005A0E29 /* LaunchScreen.storyboard in Resources */,
				8C9C6A091D6B40B9005A0E29 /* Assets.xcassets in Resources */,
				8C9C6A071D6B40B9005A0E29 /* Main.storyboard in Resources */,
			);
			runOnlyForDeploymentPostprocessing = 0;
		};
/* End PBXResourcesBuildPhase section */

/* Begin PBXShellScriptBuildPhase section */
		066A44C9EBE688E539747E75 /* [CP] Embed Pods Frameworks */ = {
			isa = PBXShellScriptBuildPhase;
			buildActionMask = 2147483647;
			files = (
			);
			inputPaths = (
			);
			name = "[CP] Embed Pods Frameworks";
			outputPaths = (
			);
			runOnlyForDeploymentPostprocessing = 0;
			shellPath = /bin/sh;
			shellScript = "\"${SRCROOT}/Pods/Target Support Files/Pods-RAC基本使用/Pods-RAC基本使用-frameworks.sh\"\n";
			showEnvVarsInLog = 0;
		};
		94D462D0A5979D4BFC967B03 /* [CP] Copy Pods Resources */ = {
			isa = PBXShellScriptBuildPhase;
			buildActionMask = 2147483647;
			files = (
			);
			inputPaths = (
			);
			name = "[CP] Copy Pods Resources";
			outputPaths = (
			);
			runOnlyForDeploymentPostprocessing = 0;
			shellPath = /bin/sh;
			shellScript = "\"${SRCROOT}/Pods/Target Support Files/Pods-RAC基本使用/Pods-RAC基本使用-resources.sh\"\n";
			showEnvVarsInLog = 0;
		};
		FBEC0B2AE498A38466E38258 /* [CP] Check Pods Manifest.lock */ = {
			isa = PBXShellScriptBuildPhase;
			buildActionMask = 2147483647;
			files = (
			);
			inputPaths = (
			);
			name = "[CP] Check Pods Manifest.lock";
			outputPaths = (
			);
			runOnlyForDeploymentPostprocessing = 0;
			shellPath = /bin/sh;
			shellScript = "diff \"${PODS_ROOT}/../Podfile.lock\" \"${PODS_ROOT}/Manifest.lock\" > /dev/null\nif [[ $? != 0 ]] ; then\n    cat << EOM\nerror: The sandbox is not in sync with the Podfile.lock. Run 'pod install' or update your CocoaPods installation.\nEOM\n    exit 1\nfi\n";
			showEnvVarsInLog = 0;
		};
/* End PBXShellScriptBuildPhase section */

/* Begin PBXSourcesBuildPhase section */
		8C9C69F51D6B40B9005A0E29 /* Sources */ = {
			isa = PBXSourcesBuildPhase;
			buildActionMask = 2147483647;
			files = (
				8C9C6A041D6B40B9005A0E29 /* ViewController.m in Sources */,
				8C9C6A1B1D6B40B9005A0E29 /* PersonViewModel.m in Sources */,
				8C9C6A011D6B40B9005A0E29 /* AppDelegate.m in Sources */,
				8C9C6A151D6B40B9005A0E29 /* Person.m in Sources */,
				8C9C69FE1D6B40B9005A0E29 /* main.m in Sources */,
				8C9C6A181D6B40B9005A0E29 /* PersonTableViewCell.m in Sources */,
				8C9C6A221D6B40B9005A0E29 /* EditPersonViewController.m in Sources */,
			);
			runOnlyForDeploymentPostprocessing = 0;
		};
/* End PBXSourcesBuildPhase section */

/* Begin PBXVariantGroup section */
		8C9C6A051D6B40B9005A0E29 /* Main.storyboard */ = {
			isa = PBXVariantGroup;
			children = (
				8C9C6A061D6B40B9005A0E29 /* Base */,
			);
			name = Main.storyboard;
			sourceTree = "<group>";
		};
		8C9C6A0A1D6B40B9005A0E29 /* LaunchScreen.storyboard */ = {
			isa = PBXVariantGroup;
			children = (
				8C9C6A0B1D6B40B9005A0E29 /* Base */,
			);
			name = LaunchScreen.storyboard;
			sourceTree = "<group>";
		};
/* End PBXVariantGroup section */

/* Begin XCBuildConfiguration section */
		8C9C6A0E1D6B40B9005A0E29 /* Debug */ = {
			isa = XCBuildConfiguration;
			buildSettings = {
				ALWAYS_SEARCH_USER_PATHS = NO;
				CLANG_ANALYZER_NONNULL = YES;
				CLANG_CXX_LANGUAGE_STANDARD = "gnu++0x";
				CLANG_CXX_LIBRARY = "libc++";
				CLANG_ENABLE_MODULES = YES;
				CLANG_ENABLE_OBJC_ARC = YES;
				CLANG_WARN_BOOL_CONVERSION = YES;
				CLANG_WARN_CONSTANT_CONVERSION = YES;
				CLANG_WARN_DIRECT_OBJC_ISA_USAGE = YES_ERROR;
				CLANG_WARN_EMPTY_BODY = YES;
				CLANG_WARN_ENUM_CONVERSION = YES;
				CLANG_WARN_INT_CONVERSION = YES;
				CLANG_WARN_OBJC_ROOT_CLASS = YES_ERROR;
				CLANG_WARN_UNREACHABLE_CODE = YES;
				CLANG_WARN__DUPLICATE_METHOD_MATCH = YES;
				"CODE_SIGN_IDENTITY[sdk=iphoneos*]" = "iPhone Developer";
				COPY_PHASE_STRIP = NO;
				DEBUG_INFORMATION_FORMAT = dwarf;
				ENABLE_STRICT_OBJC_MSGSEND = YES;
				ENABLE_TESTABILITY = YES;
				GCC_C_LANGUAGE_STANDARD = gnu99;
				GCC_DYNAMIC_NO_PIC = NO;
				GCC_NO_COMMON_BLOCKS = YES;
				GCC_OPTIMIZATION_LEVEL = 0;
				GCC_PREPROCESSOR_DEFINITIONS = (
					"DEBUG=1",
					"$(inherited)",
				);
				GCC_WARN_64_TO_32_BIT_CONVERSION = YES;
				GCC_WARN_ABOUT_RETURN_TYPE = YES_ERROR;
				GCC_WARN_UNDECLARED_SELECTOR = YES;
				GCC_WARN_UNINITIALIZED_AUTOS = YES_AGGRESSIVE;
				GCC_WARN_UNUSED_FUNCTION = YES;
				GCC_WARN_UNUSED_VARIABLE = YES;
				IPHONEOS_DEPLOYMENT_TARGET = 9.3;
				MTL_ENABLE_DEBUG_INFO = YES;
				ONLY_ACTIVE_ARCH = YES;
				SDKROOT = iphoneos;
			};
			name = Debug;
		};
		8C9C6A0F1D6B40B9005A0E29 /* Release */ = {
			isa = XCBuildConfiguration;
			buildSettings = {
				ALWAYS_SEARCH_USER_PATHS = NO;
				CLANG_ANALYZER_NONNULL = YES;
				CLANG_CXX_LANGUAGE_STANDARD = "gnu++0x";
				CLANG_CXX_LIBRARY = "libc++";
				CLANG_ENABLE_MODULES = YES;
				CLANG_ENABLE_OBJC_ARC = YES;
				CLANG_WARN_BOOL_CONVERSION = YES;
				CLANG_WARN_CONSTANT_CONVERSION = YES;
				CLANG_WARN_DIRECT_OBJC_ISA_USAGE = YES_ERROR;
				CLANG_WARN_EMPTY_BODY = YES;
				CLANG_WARN_ENUM_CONVERSION = YES;
				CLANG_WARN_INT_CONVERSION = YES;
				CLANG_WARN_OBJC_ROOT_CLASS = YES_ERROR;
				CLANG_WARN_UNREACHABLE_CODE = YES;
				CLANG_WARN__DUPLICATE_METHOD_MATCH = YES;
				"CODE_SIGN_IDENTITY[sdk=iphoneos*]" = "iPhone Developer";
				COPY_PHASE_STRIP = NO;
				DEBUG_INFORMATION_FORMAT = "dwarf-with-dsym";
				ENABLE_NS_ASSERTIONS = NO;
				ENABLE_STRICT_OBJC_MSGSEND = YES;
				GCC_C_LANGUAGE_STANDARD = gnu99;
				GCC_NO_COMMON_BLOCKS = YES;
				GCC_WARN_64_TO_32_BIT_CONVERSION = YES;
				GCC_WARN_ABOUT_RETURN_TYPE = YES_ERROR;
				GCC_WARN_UNDECLARED_SELECTOR = YES;
				GCC_WARN_UNINITIALIZED_AUTOS = YES_AGGRESSIVE;
				GCC_WARN_UNUSED_FUNCTION = YES;
				GCC_WARN_UNUSED_VARIABLE = YES;
				IPHONEOS_DEPLOYMENT_TARGET = 9.3;
				MTL_ENABLE_DEBUG_INFO = NO;
				SDKROOT = iphoneos;
				VALIDATE_PRODUCT = YES;
			};
			name = Release;
		};
		8C9C6A111D6B40B9005A0E29 /* Debug */ = {
			isa = XCBuildConfiguration;
			baseConfigurationReference = D5899044AE3BE072C9DCA60C /* Pods-RAC基本使用.debug.xcconfig */;
			buildSettings = {
				ASSETCATALOG_COMPILER_APPICON_NAME = AppIcon;
				INFOPLIST_FILE = "RAC基本使用/Info.plist";
				LD_RUNPATH_SEARCH_PATHS = "$(inherited) @executable_path/Frameworks";
				PRODUCT_BUNDLE_IDENTIFIER = "com.CHR.RAC----";
				PRODUCT_NAME = "$(TARGET_NAME)";
			};
			name = Debug;
		};
		8C9C6A121D6B40B9005A0E29 /* Release */ = {
			isa = XCBuildConfiguration;
			baseConfigurationReference = 6AAA12124A5DEBDE02AE724D /* Pods-RAC基本使用.release.xcconfig */;
			buildSettings = {
				ASSETCATALOG_COMPILER_APPICON_NAME = AppIcon;
				INFOPLIST_FILE = "RAC基本使用/Info.plist";
				LD_RUNPATH_SEARCH_PATHS = "$(inherited) @executable_path/Frameworks";
				PRODUCT_BUNDLE_IDENTIFIER = "com.CHR.RAC----";
				PRODUCT_NAME = "$(TARGET_NAME)";
			};
			name = Release;
		};
/* End XCBuildConfiguration section */

/* Begin XCConfigurationList section */
		8C9C69F41D6B40B9005A0E29 /* Build configuration list for PBXProject "RAC基本使用" */ = {
			isa = XCConfigurationList;
			buildConfigurations = (
				8C9C6A0E1D6B40B9005A0E29 /* Debug */,
				8C9C6A0F1D6B40B9005A0E29 /* Release */,
			);
			defaultConfigurationIsVisible = 0;
			defaultConfigurationName = Release;
		};
		8C9C6A101D6B40B9005A0E29 /* Build configuration list for PBXNativeTarget "RAC基本使用" */ = {
			isa = XCConfigurationList;
			buildConfigurations = (
				8C9C6A111D6B40B9005A0E29 /* Debug */,
				8C9C6A121D6B40B9005A0E29 /* Release */,
			);
			defaultConfigurationIsVisible = 0;
			defaultConfigurationName = Release;
		};
/* End XCConfigurationList section */
	};
	rootObject = 8C9C69F11D6B40B9005A0E29 /* Project object */;
}
